
Microsoft Visual Studio Solution File, Format Version 12.00
# Visual Studio Version 17
VisualStudioVersion = 17.4.33213.308
MinimumVisualStudioVersion = 10.0.40219.1
Project("{9A19103F-16F7-4668-BE54-9A1E7A4F7556}") = "DLinkDspAPI", "DLinkDspAPI\DLinkDspAPI.csproj", "{1AF03B40-0996-4E95-917A-256A75FC285B}"
EndProject
Global
	GlobalSection(SolutionConfigurationPlatforms) = preSolution
		Debug|Any CPU = Debug|Any CPU
		Release|Any CPU = Release|Any CPU
	EndGlobalSection
	GlobalSection(ProjectConfigurationPlatforms) = postSolution
		{1AF03B40-0996-4E95-917A-256A75FC285B}.Debug|Any CPU.ActiveCfg = Debug|Any CPU
		{1AF03B40-0996-4E95-917A-256A75FC285B}.Debug|Any CPU.Build.0 = Debug|Any CPU
		{1AF03B40-0996-4E95-917A-256A75FC285B}.Release|Any CPU.ActiveCfg = Release|Any CPU
		{1AF03B40-0996-4E95-917A-256A75FC285B}.Release|Any CPU.Build.0 = Release|Any CPU
	EndGlobalSection
	GlobalSection(SolutionProperties) = preSolution
		HideSolutionNode = FALSE
	EndGlobalSection
	GlobalSection(ExtensibilityGlobals) = postSolution
		SolutionGuid = {FBB18A13-7324-4B57-9479-5020B50DE4D4}
	EndGlobalSection
EndGlobal
